
Microsoft Visual Studio Solution File, Format Version 12.00
# Visual Studio Version 16
VisualStudioVersion = 16.0.30320.27
MinimumVisualStudioVersion = 10.0.40219.1
Project("{FAE04EC0-301F-11D3-BF4B-00C04F79EFBC}") = "Hostel", "Hostel.csproj", "{9FD0AB61-C1F1-4B74-8EB2-2F250F36ECEC}"
EndProject
Global
	GlobalSection(SolutionConfigurationPlatforms) = preSolution
		Debug|Any CPU = Debug|Any CPU
		Release|Any CPU = Release|Any CPU
	EndGlobalSection
	GlobalSection(ProjectConfigurationPlatforms) = postSolution
		{9FD0AB61-C1F1-4B74-8EB2-2F250F36ECEC}.Debug|Any CPU.ActiveCfg = Debug|Any CPU
		{9FD0AB61-C1F1-4B74-8EB2-2F250F36ECEC}.Debug|Any CPU.Build.0 = Debug|Any CPU
		{9FD0AB61-C1F1-4B74-8EB2-2F250F36ECEC}.Release|Any CPU.ActiveCfg = Release|Any CPU
		{9FD0AB61-C1F1-4B74-8EB2-2F250F36ECEC}.Release|Any CPU.Build.0 = Release|Any CPU
	EndGlobalSection
	GlobalSection(SolutionProperties) = preSolution
		HideSolutionNode = FALSE
	EndGlobalSection
	GlobalSection(ExtensibilityGlobals) = postSolution
		SolutionGuid = {534F30A1-DE7F-4402-9939-42B673746129}
	EndGlobalSection
EndGlobal
